
Microsoft Visual Studio Solution File, Format Version 12.00
# Visual Studio Version 16
VisualStudioVersion = 16.0.29613.14
MinimumVisualStudioVersion = 10.0.40219.1
Project("{FAE04EC0-301F-11D3-BF4B-00C04F79EFBC}") = "ESRIJProAddinClipTool", "ESRIJProAddinClipTool\ESRIJProAddinClipTool.csproj", "{6474CD70-BBF8-4AC9-87BE-22865B25772B}"
EndProject
Project("{FAE04EC0-301F-11D3-BF4B-00C04F79EFBC}") = "ExecuteClip", "ExecuteClip\ExecuteClip.csproj", "{A07D6719-D5B3-421C-837F-607C9B1B061C}"
EndProject
Global
	GlobalSection(SolutionConfigurationPlatforms) = preSolution
		Debug|Any CPU = Debug|Any CPU
		Release|Any CPU = Release|Any CPU
	EndGlobalSection
	GlobalSection(ProjectConfigurationPlatforms) = postSolution
		{6474CD70-BBF8-4AC9-87BE-22865B25772B}.Debug|Any CPU.ActiveCfg = Debug|Any CPU
		{6474CD70-BBF8-4AC9-87BE-22865B25772B}.Debug|Any CPU.Build.0 = Debug|Any CPU
		{6474CD70-BBF8-4AC9-87BE-22865B25772B}.Release|Any CPU.ActiveCfg = Release|Any CPU
		{6474CD70-BBF8-4AC9-87BE-22865B25772B}.Release|Any CPU.Build.0 = Release|Any CPU
		{A07D6719-D5B3-421C-837F-607C9B1B061C}.Debug|Any CPU.ActiveCfg = Debug|Any CPU
		{A07D6719-D5B3-421C-837F-607C9B1B061C}.Debug|Any CPU.Build.0 = Debug|Any CPU
		{A07D6719-D5B3-421C-837F-607C9B1B061C}.Release|Any CPU.ActiveCfg = Release|Any CPU
		{A07D6719-D5B3-421C-837F-607C9B1B061C}.Release|Any CPU.Build.0 = Release|Any CPU
	EndGlobalSection
	GlobalSection(SolutionProperties) = preSolution
		HideSolutionNode = FALSE
	EndGlobalSection
	GlobalSection(ExtensibilityGlobals) = postSolution
		SolutionGuid = {CC4E00BF-9232-4123-8440-1714E4E24E45}
	EndGlobalSection
EndGlobal
